
Microsoft Visual Studio Solution File, Format Version 12.00
# Visual Studio Version 16
VisualStudioVersion = 16.0.30225.117
MinimumVisualStudioVersion = 10.0.40219.1
Project("{FAE04EC0-301F-11D3-BF4B-00C04F79EFBC}") = "CalculadoraHistorial", "CalculadoraHistorial\CalculadoraHistorial.csproj", "{9397C00A-44E8-447F-851E-8C981A8851EC}"
EndProject
Global
	GlobalSection(SolutionConfigurationPlatforms) = preSolution
		Debug|Any CPU = Debug|Any CPU
		Release|Any CPU = Release|Any CPU
	EndGlobalSection
	GlobalSection(ProjectConfigurationPlatforms) = postSolution
		{9397C00A-44E8-447F-851E-8C981A8851EC}.Debug|Any CPU.ActiveCfg = Debug|Any CPU
		{9397C00A-44E8-447F-851E-8C981A8851EC}.Debug|Any CPU.Build.0 = Debug|Any CPU
		{9397C00A-44E8-447F-851E-8C981A8851EC}.Release|Any CPU.ActiveCfg = Release|Any CPU
		{9397C00A-44E8-447F-851E-8C981A8851EC}.Release|Any CPU.Build.0 = Release|Any CPU
	EndGlobalSection
	GlobalSection(SolutionProperties) = preSolution
		HideSolutionNode = FALSE
	EndGlobalSection
	GlobalSection(ExtensibilityGlobals) = postSolution
		SolutionGuid = {6A7F8AAC-AA3F-4C95-81F1-24A6C3344520}
	EndGlobalSection
EndGlobal
